PODS:
  - NMapsMap (3.14.1)
  - RxCocoa (6.5.0):
    - RxRelay (= 6.5.0)
    - RxSwift (= 6.5.0)
  - RxNMapsMap (0.1.0):
    - NMapsMap (~> 3.14.1)
    - RxCocoa (~> 6.5.0)
    - RxSwift (~> 6.5.0)
  - RxRelay (6.5.0):
    - RxSwift (= 6.5.0)
  - RxSwift (6.5.0)

DEPENDENCIES:
  - NMapsMap (~> 3.14.1)
  - RxCocoa (~> 6.5.0)
  - RxNMapsMap (from `../`)
  - RxSwift (~> 6.5.0)

SPEC REPOS:
  trunk:
    - NMapsMap
    - RxCocoa
    - RxRelay
    - RxSwift

EXTERNAL SOURCES:
  RxNMapsMap:
    :path: "../"

SPEC CHECKSUMS:
  NMapsMap: 79bae4e0d7cc5214dd6dabdb95687a1356616556
  RxCocoa: 94f817b71c07517321eb4f9ad299112ca8af743b
  RxNMapsMap: a4cc89ac78dd314d9b1b05857cb8fef43e14abac
  RxRelay: 1de1523e604c72b6c68feadedd1af3b1b4d0ecbd
  RxSwift: 5710a9e6b17f3c3d6e40d6e559b9fa1e813b2ef8

PODFILE CHECKSUM: 0545661c46615fc201ee4a325fade4ce222d1d26

COCOAPODS: 1.11.2
